// !$*UTF8*$!
{
	archiveVersion = 1;
	classes = {
	};
	objectVersion = 77;
	objects = {

/* Begin PBXContainerItemProxy section */
		D5B483742D5ABFB2001450E5 /* PBXContainerItemProxy */ = {
			isa = PBXContainerItemProxy;
			containerPortal = D5B483592D5ABFB1001450E5 /* Project object */;
			proxyType = 1;
			remoteGlobalIDString = D5B483602D5ABFB1001450E5;
			remoteInfo = AppVentanas;
		};
		D5B4837E2D5ABFB2001450E5 /* PBXContainerItemProxy */ = {
			isa = PBXContainerItemProxy;
			containerPortal = D5B483592D5ABFB1001450E5 /* Project object */;
			proxyType = 1;
			remoteGlobalIDString = D5B483602D5ABFB1001450E5;
			remoteInfo = AppVentanas;
		};
/* End PBXContainerItemProxy section */

/* Begin PBXFileReference section */
		D5B483612D5ABFB1001450E5 /* AppVentanas.app */ = {isa = PBXFileReference; explicitFileType = wrapper.application; includeInIndex = 0; path = AppVentanas.app; sourceTree = BUILT_PRODUCTS_DIR; };
		D5B483732D5ABFB2001450E5 /* AppVentanasTests.xctest */ = {isa = PBXFileReference; explicitFileType = wrapper.cfbundle; includeInIndex = 0; path = AppVentanasTests.xctest; sourceTree = BUILT_PRODUCTS_DIR; };
		D5B4837D2D5ABFB2001450E5 /* AppVentanasUITests.xctest */ = {isa = PBXFileReference; explicitFileType = wrapper.cfbundle; includeInIndex = 0; path = AppVentanasUITests.xctest; sourceTree = BUILT_PRODUCTS_DIR; };
/* End PBXFileReference section */

/* Begin PBXFileSystemSynchronizedRootGroup section */
		D5B483632D5ABFB1001450E5 /* AppVentanas */ = {
			isa = PBXFileSystemSynchronizedRootGroup;
			path = AppVentanas;
			sourceTree = "<group>";
		};
		D5B483762D5ABFB2001450E5 /* AppVentanasTests */ = {
			isa = PBXFileSystemSynchronizedRootGroup;
			path = AppVentanasTests;
			sourceTree = "<group>";
		};
		D5B483802D5ABFB2001450E5 /* AppVentanasUITests */ = {
			isa = PBXFileSystemSynchronizedRootGroup;
			path = AppVentanasUITests;
			sourceTree = "<group>";
		};
/* End PBXFileSystemSynchronizedRootGroup section */

/* Begin PBXFrameworksBuildPhase section */
		D5B4835E2D5ABFB1001450E5 /* Frameworks */ = {
			isa = PBXFrameworksBuildPhase;
			buildActionMask = 2147483647;
			files = (
			);
			runOnlyForDeploymentPostprocessing = 0;
		};
		D5B483702D5ABFB2001450E5 /* Frameworks */ = {
			isa = PBXFrameworksBuildPhase;
			buildActionMask = 2147483647;
			files = (
			);
			runOnlyForDeploymentPostprocessing = 0;
		};
		D5B4837A2D5ABFB2001450E5 /* Frameworks */ = {
			isa = PBXFrameworksBuildPhase;
			buildActionMask = 2147483647;
			files = (
			);
			runOnlyForDeploymentPostprocessing = 0;
		};
/* End PBXFrameworksBuildPhase section */

/* Begin PBXGroup section */
		D5B483582D5ABFB1001450E5 = {
			isa = PBXGroup;
			children = (
				D5B483632D5ABFB1001450E5 /* AppVentanas */,
				D5B483762D5ABFB2001450E5 /* AppVentanasTests */,
				D5B483802D5ABFB2001450E5 /* AppVentanasUITests */,
				D5B483622D5ABFB1001450E5 /* Products */,
			);
			sourceTree = "<group>";
		};
		D5B483622D5ABFB1001450E5 /* Products */ = {
			isa = PBXGroup;
			children = (
				D5B483612D5ABFB1001450E5 /* AppVentanas.app */,
				D5B483732D5ABFB2001450E5 /* AppVentanasTests.xctest */,
				D5B4837D2D5ABFB2001450E5 /* AppVentanasUITests.xctest */,
			);
			name = Products;
			sourceTree = "<group>";
		};
/* End PBXGroup section */

/* Begin PBXNativeTarget section */
		D5B483602D5ABFB1001450E5 /* AppVentanas */ = {
			isa = PBXNativeTarget;
			buildConfigurationList = D5B483872D5ABFB2001450E5 /* Build configuration list for PBXNativeTarget "AppVentanas" */;
			buildPhases = (
				D5B4835D2D5ABFB1001450E5 /* Sources */,
				D5B4835E2D5ABFB1001450E5 /* Frameworks */,
				D5B4835F2D5ABFB1001450E5 /* Resources */,
			);
			buildRules = (
			);
			dependencies = (
			);
			fileSystemSynchronizedGroups = (
				D5B483632D5ABFB1001450E5 /* AppVentanas */,
			);
			name = AppVentanas;
			packageProductDependencies = (
			);
			productName = AppVentanas;
			productReference = D5B483612D5ABFB1001450E5 /* AppVentanas.app */;
			productType = "com.apple.product-type.application";
		};
		D5B483722D5ABFB2001450E5 /* AppVentanasTests */ = {
			isa = PBXNativeTarget;
			buildConfigurationList = D5B4838A2D5ABFB2001450E5 /* Build configuration list for PBXNativeTarget "AppVentanasTests" */;
			buildPhases = (
				D5B4836F2D5ABFB2001450E5 /* Sources */,
				D5B483702D5ABFB2001450E5 /* Frameworks */,
				D5B483712D5ABFB2001450E5 /* Resources */,
			);
			buildRules = (
			);
			dependencies = (
				D5B483752D5ABFB2001450E5 /* PBXTargetDependency */,
			);
			fileSystemSynchronizedGroups = (
				D5B483762D5ABFB2001450E5 /* AppVentanasTests */,
			);
			name = AppVentanasTests;
			packageProductDependencies = (
			);
			productName = AppVentanasTests;
			productReference = D5B483732D5ABFB2001450E5 /* AppVentanasTests.xctest */;
			productType = "com.apple.product-type.bundle.unit-test";
		};
		D5B4837C2D5ABFB2001450E5 /* AppVentanasUITests */ = {
			isa = PBXNativeTarget;
			buildConfigurationList = D5B4838D2D5ABFB2001450E5 /* Build configuration list for PBXNativeTarget "AppVentanasUITests" */;
			buildPhases = (
				D5B483792D5ABFB2001450E5 /* Sources */,
				D5B4837A2D5ABFB2001450E5 /* Frameworks */,
				D5B4837B2D5ABFB2001450E5 /* Resources */,
			);
			buildRules = (
			);
			dependencies = (
				D5B4837F2D5ABFB2001450E5 /* PBXTargetDependency */,
			);
			fileSystemSynchronizedGroups = (
				D5B483802D5ABFB2001450E5 /* AppVentanasUITests */,
			);
			name = AppVentanasUITests;
			packageProductDependencies = (
			);
			productName = AppVentanasUITests;
			productReference = D5B4837D2D5ABFB2001450E5 /* AppVentanasUITests.xctest */;
			productType = "com.apple.product-type.bundle.ui-testing";
		};
/* End PBXNativeTarget section */

/* Begin PBXProject section */
		D5B483592D5ABFB1001450E5 /* Project object */ = {
			isa = PBXProject;
			attributes = {
				BuildIndependentTargetsInParallel = 1;
				LastUpgradeCheck = 1600;
				TargetAttributes = {
					D5B483602D5ABFB1001450E5 = {
						CreatedOnToolsVersion = 16.0;
					};
					D5B483722D5ABFB2001450E5 = {
						CreatedOnToolsVersion = 16.0;
						TestTargetID = D5B483602D5ABFB1001450E5;
					};
					D5B4837C2D5ABFB2001450E5 = {
						CreatedOnToolsVersion = 16.0;
						TestTargetID = D5B483602D5ABFB1001450E5;
					};
				};
			};
			buildConfigurationList = D5B4835C2D5ABFB1001450E5 /* Build configuration list for PBXProject "AppVentanas" */;
			developmentRegion = en;
			hasScannedForEncodings = 0;
			knownRegions = (
				en,
				Base,
			);
			mainGroup = D5B483582D5ABFB1001450E5;
			minimizedProjectReferenceProxies = 1;
			preferredProjectObjectVersion = 77;
			productRefGroup = D5B483622D5ABFB1001450E5 /* Products */;
			projectDirPath = "";
			projectRoot = "";
			targets = (
				D5B483602D5ABFB1001450E5 /* AppVentanas */,
				D5B483722D5ABFB2001450E5 /* AppVentanasTests */,
				D5B4837C2D5ABFB2001450E5 /* AppVentanasUITests */,
			);
		};
/* End PBXProject section */

/* Begin PBXResourcesBuildPhase section */
		D5B4835F2D5ABFB1001450E5 /* Resources */ = {
			isa = PBXResourcesBuildPhase;
			buildActionMask = 2147483647;
			files = (
			);
			runOnlyForDeploymentPostprocessing = 0;
		};
		D5B483712D5ABFB2001450E5 /* Resources */ = {
			isa = PBXResourcesBuildPhase;
			buildActionMask = 2147483647;
			files = (
			);
			runOnlyForDeploymentPostprocessing = 0;
		};
		D5B4837B2D5ABFB2001450E5 /* Resources */ = {
			isa = PBXResourcesBuildPhase;
			buildActionMask = 2147483647;
			files = (
			);
			runOnlyForDeploymentPostprocessing = 0;
		};
/* End PBXResourcesBuildPhase section */

/* Begin PBXSourcesBuildPhase section */
		D5B4835D2D5ABFB1001450E5 /* Sources */ = {
			isa = PBXSourcesBuildPhase;
			buildActionMask = 2147483647;
			files = (
			);
			runOnlyForDeploymentPostprocessing = 0;
		};
		D5B4836F2D5ABFB2001450E5 /* Sources */ = {
			isa = PBXSourcesBuildPhase;
			buildActionMask = 2147483647;
			files = (
			);
			runOnlyForDeploymentPostprocessing = 0;
		};
		D5B483792D5ABFB2001450E5 /* Sources */ = {
			isa = PBXSourcesBuildPhase;
			buildActionMask = 2147483647;
			files = (
			);
			runOnlyForDeploymentPostprocessing = 0;
		};
/* End PBXSourcesBuildPhase section */

/* Begin PBXTargetDependency section */
		D5B483752D5ABFB2001450E5 /* PBXTargetDependency */ = {
			isa = PBXTargetDependency;
			target = D5B483602D5ABFB1001450E5 /* AppVentanas */;
			targetProxy = D5B483742D5ABFB2001450E5 /* PBXContainerItemProxy */;
		};
		D5B4837F2D5ABFB2001450E5 /* PBXTargetDependency */ = {
			isa = PBXTargetDependency;
			target = D5B483602D5ABFB1001450E5 /* AppVentanas */;
			targetProxy = D5B4837E2D5ABFB2001450E5 /* PBXContainerItemProxy */;
		};
/* End PBXTargetDependency section */

/* Begin XCBuildConfiguration section */
		D5B483852D5ABFB2001450E5 /* Debug */ = {
			isa = XCBuildConfiguration;
			buildSettings = {
				ALWAYS_SEARCH_USER_PATHS = NO;
				ASSETCATALOG_COMPILER_GENERATE_SWIFT_ASSET_SYMBOL_EXTENSIONS = YES;
				CLANG_ANALYZER_NONNULL = YES;
				CLANG_ANALYZER_NUMBER_OBJECT_CONVERSION = YES_AGGRESSIVE;
				CLANG_CXX_LANGUAGE_STANDARD = "gnu++20";
				CLANG_ENABLE_MODULES = YES;
				CLANG_ENABLE_OBJC_ARC = YES;
				CLANG_ENABLE_OBJC_WEAK = YES;
				CLANG_WARN_BLOCK_CAPTURE_AUTORELEASING = YES;
				CLANG_WARN_BOOL_CONVERSION = YES;
				CLANG_WARN_COMMA = YES;
				CLANG_WARN_CONSTANT_CONVERSION = YES;
				CLANG_WARN_DEPRECATED_OBJC_IMPLEMENTATIONS = YES;
				CLANG_WARN_DIRECT_OBJC_ISA_USAGE = YES_ERROR;
				CLANG_WARN_DOCUMENTATION_COMMENTS = YES;
				CLANG_WARN_EMPTY_BODY = YES;
				CLANG_WARN_ENUM_CONVERSION = YES;
				CLANG_WARN_INFINITE_RECURSION = YES;
				CLANG_WARN_INT_CONVERSION = YES;
				CLANG_WARN_NON_LITERAL_NULL_CONVERSION = YES;
				CLANG_WARN_OBJC_IMPLICIT_RETAIN_SELF = YES;
				CLANG_WARN_OBJC_LITERAL_CONVERSION = YES;
				CLANG_WARN_OBJC_ROOT_CLASS = YES_ERROR;
				CLANG_WARN_QUOTED_INCLUDE_IN_FRAMEWORK_HEADER = YES;
				CLANG_WARN_RANGE_LOOP_ANALYSIS = YES;
				CLANG_WARN_STRICT_PROTOTYPES = YES;
				CLANG_WARN_SUSPICIOUS_MOVE = YES;
				CLANG_WARN_UNGUARDED_AVAILABILITY = YES_AGGRESSIVE;
				CLANG_WARN_UNREACHABLE_CODE = YES;
				CLANG_WARN__DUPLICATE_METHOD_MATCH = YES;
				COPY_PHASE_STRIP = NO;
				DEBUG_INFORMATION_FORMAT = dwarf;
				ENABLE_STRICT_OBJC_MSGSEND = YES;
				ENABLE_TESTABILITY = YES;
				ENABLE_USER_SCRIPT_SANDBOXING = YES;
				GCC_C_LANGUAGE_STANDARD = gnu17;
				GCC_DYNAMIC_NO_PIC = NO;
				GCC_NO_COMMON_BLOCKS = YES;
				GCC_OPTIMIZATION_LEVEL = 0;
				GCC_PREPROCESSOR_DEFINITIONS = (
					"DEBUG=1",
					"$(inherited)",
				);
				GCC_WARN_64_TO_32_BIT_CONVERSION = YES;
				GCC_WARN_ABOUT_RETURN_TYPE = YES_ERROR;
				GCC_WARN_UNDECLARED_SELECTOR = YES;
				GCC_WARN_UNINITIALIZED_AUTOS = YES_AGGRESSIVE;
				GCC_WARN_UNUSED_FUNCTION = YES;
				GCC_WARN_UNUSED_VARIABLE = YES;
				LOCALIZATION_PREFERS_STRING_CATALOGS = YES;
				MACOSX_DEPLOYMENT_TARGET = 14.6;
				MTL_ENABLE_DEBUG_INFO = INCLUDE_SOURCE;
				MTL_FAST_MATH = YES;
				ONLY_ACTIVE_ARCH = YES;
				SDKROOT = macosx;
			};
			name = Debug;
		};
		D5B483862D5ABFB2001450E5 /* Release */ = {
			isa = XCBuildConfiguration;
			buildSettings = {
				ALWAYS_SEARCH_USER_PATHS = NO;
				ASSETCATALOG_COMPILER_GENERATE_SWIFT_ASSET_SYMBOL_EXTENSIONS = YES;
				CLANG_ANALYZER_NONNULL = YES;
				CLANG_ANALYZER_NUMBER_OBJECT_CONVERSION = YES_AGGRESSIVE;
				CLANG_CXX_LANGUAGE_STANDARD = "gnu++20";
				CLANG_ENABLE_MODULES = YES;
				CLANG_ENABLE_OBJC_ARC = YES;
				CLANG_ENABLE_OBJC_WEAK = YES;
				CLANG_WARN_BLOCK_CAPTURE_AUTORELEASING = YES;
				CLANG_WARN_BOOL_CONVERSION = YES;
				CLANG_WARN_COMMA = YES;
				CLANG_WARN_CONSTANT_CONVERSION = YES;
				CLANG_WARN_DEPRECATED_OBJC_IMPLEMENTATIONS = YES;
				CLANG_WARN_DIRECT_OBJC_ISA_USAGE = YES_ERROR;
				CLANG_WARN_DOCUMENTATION_COMMENTS = YES;
				CLANG_WARN_EMPTY_BODY = YES;
				CLANG_WARN_ENUM_CONVERSION = YES;
				CLANG_WARN_INFINITE_RECURSION = YES;
				CLANG_WARN_INT_CONVERSION = YES;
				CLANG_WARN_NON_LITERAL_NULL_CONVERSION = YES;
				CLANG_WARN_OBJC_IMPLICIT_RETAIN_SELF = YES;
				CLANG_WARN_OBJC_LITERAL_CONVERSION = YES;
				CLANG_WARN_OBJC_ROOT_CLASS = YES_ERROR;
				CLANG_WARN_QUOTED_INCLUDE_IN_FRAMEWORK_HEADER = YES;
				CLANG_WARN_RANGE_LOOP_ANALYSIS = YES;
				CLANG_WARN_STRICT_PROTOTYPES = YES;
				CLANG_WARN_SUSPICIOUS_MOVE = YES;
				CLANG_WARN_UNGUARDED_AVAILABILITY = YES_AGGRESSIVE;
				CLANG_WARN_UNREACHABLE_CODE = YES;
				CLANG_WARN__DUPLICATE_METHOD_MATCH = YES;
				COPY_PHASE_STRIP = NO;
				DEBUG_INFORMATION_FORMAT = "dwarf-with-dsym";
				ENABLE_NS_ASSERTIONS = NO;
				ENABLE_STRICT_OBJC_MSGSEND = YES;
				ENABLE_USER_SCRIPT_SANDBOXING = YES;
				GCC_C_LANGUAGE_STANDARD = gnu17;
				GCC_NO_COMMON_BLOCKS = YES;
				GCC_WARN_64_TO_32_BIT_CONVERSION = YES;
				GCC_WARN_ABOUT_RETURN_TYPE = YES_ERROR;
				GCC_WARN_UNDECLARED_SELECTOR = YES;
				GCC_WARN_UNINITIALIZED_AUTOS = YES_AGGRESSIVE;
				GCC_WARN_UNUSED_FUNCTION = YES;
				GCC_WARN_UNUSED_VARIABLE = YES;
				LOCALIZATION_PREFERS_STRING_CATALOGS = YES;
				MACOSX_DEPLOYMENT_TARGET = 14.6;
				MTL_ENABLE_DEBUG_INFO = NO;
				MTL_FAST_MATH = YES;
				SDKROOT = macosx;
			};
			name = Release;
		};
		D5B483882D5ABFB2001450E5 /* Debug */ = {
			isa = XCBuildConfiguration;
			buildSettings = {
				ASSETCATALOG_COMPILER_APPICON_NAME = AppIcon;
				ASSETCATALOG_COMPILER_GLOBAL_ACCENT_COLOR_NAME = AccentColor;
				CODE_SIGN_ENTITLEMENTS = AppVentanas/AppVentanas.entitlements;
				CODE_SIGN_STYLE = Automatic;
				COMBINE_HIDPI_IMAGES = YES;
				CURRENT_PROJECT_VERSION = 1;
				GENERATE_INFOPLIST_FILE = YES;
				INFOPLIST_KEY_NSHumanReadableCopyright = "";
				INFOPLIST_KEY_NSMainNibFile = MainMenu;
				INFOPLIST_KEY_NSPrincipalClass = NSApplication;
				LD_RUNPATH_SEARCH_PATHS = (
					"$(inherited)",
					"@executable_path/../Frameworks",
				);
				MARKETING_VERSION = 1.0;
				PRODUCT_BUNDLE_IDENTIFIER = geralduwu.AppVentanas;
				PRODUCT_NAME = "$(TARGET_NAME)";
				SWIFT_EMIT_LOC_STRINGS = YES;
			};
			name = Debug;
		};
		D5B483892D5ABFB2001450E5 /* Release */ = {
			isa = XCBuildConfiguration;
			buildSettings = {
				ASSETCATALOG_COMPILER_APPICON_NAME = AppIcon;
				ASSETCATALOG_COMPILER_GLOBAL_ACCENT_COLOR_NAME = AccentColor;
				CODE_SIGN_ENTITLEMENTS = AppVentanas/AppVentanas.entitlements;
				CODE_SIGN_STYLE = Automatic;
				COMBINE_HIDPI_IMAGES = YES;
				CURRENT_PROJECT_VERSION = 1;
				GENERATE_INFOPLIST_FILE = YES;
				INFOPLIST_KEY_NSHumanReadableCopyright = "";
				INFOPLIST_KEY_NSMainNibFile = MainMenu;
				INFOPLIST_KEY_NSPrincipalClass = NSApplication;
				LD_RUNPATH_SEARCH_PATHS = (
					"$(inherited)",
					"@executable_path/../Frameworks",
				);
				MARKETING_VERSION = 1.0;
				PRODUCT_BUNDLE_IDENTIFIER = geralduwu.AppVentanas;
				PRODUCT_NAME = "$(TARGET_NAME)";
				SWIFT_EMIT_LOC_STRINGS = YES;
			};
			name = Release;
		};
		D5B4838B2D5ABFB2001450E5 /* Debug */ = {
			isa = XCBuildConfiguration;
			buildSettings = {
				BUNDLE_LOADER = "$(TEST_HOST)";
				CODE_SIGN_STYLE = Automatic;
				CURRENT_PROJECT_VERSION = 1;
				GENERATE_INFOPLIST_FILE = YES;
				MACOSX_DEPLOYMENT_TARGET = 14.6;
				MARKETING_VERSION = 1.0;
				PRODUCT_BUNDLE_IDENTIFIER = geralduwu.AppVentanasTests;
				PRODUCT_NAME = "$(TARGET_NAME)";
				SWIFT_EMIT_LOC_STRINGS = NO;
				TEST_HOST = "$(BUILT_PRODUCTS_DIR)/AppVentanas.app/$(BUNDLE_EXECUTABLE_FOLDER_PATH)/AppVentanas";
			};
			name = Debug;
		};
		D5B4838C2D5ABFB2001450E5 /* Release */ = {
			isa = XCBuildConfiguration;
			buildSettings = {
				BUNDLE_LOADER = "$(TEST_HOST)";
				CODE_SIGN_STYLE = Automatic;
				CURRENT_PROJECT_VERSION = 1;
				GENERATE_INFOPLIST_FILE = YES;
				MACOSX_DEPLOYMENT_TARGET = 14.6;
				MARKETING_VERSION = 1.0;
				PRODUCT_BUNDLE_IDENTIFIER = geralduwu.AppVentanasTests;
				PRODUCT_NAME = "$(TARGET_NAME)";
				SWIFT_EMIT_LOC_STRINGS = NO;
				TEST_HOST = "$(BUILT_PRODUCTS_DIR)/AppVentanas.app/$(BUNDLE_EXECUTABLE_FOLDER_PATH)/AppVentanas";
			};
			name = Release;
		};
		D5B4838E2D5ABFB2001450E5 /* Debug */ = {
			isa = XCBuildConfiguration;
			buildSettings = {
				CODE_SIGN_STYLE = Automatic;
				CURRENT_PROJECT_VERSION = 1;
				GENERATE_INFOPLIST_FILE = YES;
				MARKETING_VERSION = 1.0;
				PRODUCT_BUNDLE_IDENTIFIER = geralduwu.AppVentanasUITests;
				PRODUCT_NAME = "$(TARGET_NAME)";
				SWIFT_EMIT_LOC_STRINGS = NO;
				TEST_TARGET_NAME = AppVentanas;
			};
			name = Debug;
		};
		D5B4838F2D5ABFB2001450E5 /* Release */ = {
			isa = XCBuildConfiguration;
			buildSettings = {
				CODE_SIGN_STYLE = Automatic;
				CURRENT_PROJECT_VERSION = 1;
				GENERATE_INFOPLIST_FILE = YES;
				MARKETING_VERSION = 1.0;
				PRODUCT_BUNDLE_IDENTIFIER = geralduwu.AppVentanasUITests;
				PRODUCT_NAME = "$(TARGET_NAME)";
				SWIFT_EMIT_LOC_STRINGS = NO;
				TEST_TARGET_NAME = AppVentanas;
			};
			name = Release;
		};
/* End XCBuildConfiguration section */

/* Begin XCConfigurationList section */
		D5B4835C2D5ABFB1001450E5 /* Build configuration list for PBXProject "AppVentanas" */ = {
			isa = XCConfigurationList;
			buildConfigurations = (
				D5B483852D5ABFB2001450E5 /* Debug */,
				D5B483862D5ABFB2001450E5 /* Release */,
			);
			defaultConfigurationIsVisible = 0;
			defaultConfigurationName = Release;
		};
		D5B483872D5ABFB2001450E5 /* Build configuration list for PBXNativeTarget "AppVentanas" */ = {
			isa = XCConfigurationList;
			buildConfigurations = (
				D5B483882D5ABFB2001450E5 /* Debug */,
				D5B483892D5ABFB2001450E5 /* Release */,
			);
			defaultConfigurationIsVisible = 0;
			defaultConfigurationName = Release;
		};
		D5B4838A2D5ABFB2001450E5 /* Build configuration list for PBXNativeTarget "AppVentanasTests" */ = {
			isa = XCConfigurationList;
			buildConfigurations = (
				D5B4838B2D5ABFB2001450E5 /* Debug */,
				D5B4838C2D5ABFB2001450E5 /* Release */,
			);
			defaultConfigurationIsVisible = 0;
			defaultConfigurationName = Release;
		};
		D5B4838D2D5ABFB2001450E5 /* Build configuration list for PBXNativeTarget "AppVentanasUITests" */ = {
			isa = XCConfigurationList;
			buildConfigurations = (
				D5B4838E2D5ABFB2001450E5 /* Debug */,
				D5B4838F2D5ABFB2001450E5 /* Release */,
			);
			defaultConfigurationIsVisible = 0;
			defaultConfigurationName = Release;
		};
/* End XCConfigurationList section */
	};
	rootObject = D5B483592D5ABFB1001450E5 /* Project object */;
}
