// !$*UTF8*$!
{
	archiveVersion = 1;
	classes = {
	};
	objectVersion = 77;
	objects = {

/* Begin PBXContainerItemProxy section */
		D54B034F2D56CB56000609B0 /* PBXContainerItemProxy */ = {
			isa = PBXContainerItemProxy;
			containerPortal = D54B03312D56CB55000609B0 /* Project object */;
			proxyType = 1;
			remoteGlobalIDString = D54B03382D56CB55000609B0;
			remoteInfo = AppConvertidorGrados;
		};
		D54B03592D56CB56000609B0 /* PBXContainerItemProxy */ = {
			isa = PBXContainerItemProxy;
			containerPortal = D54B03312D56CB55000609B0 /* Project object */;
			proxyType = 1;
			remoteGlobalIDString = D54B03382D56CB55000609B0;
			remoteInfo = AppConvertidorGrados;
		};
/* End PBXContainerItemProxy section */

/* Begin PBXFileReference section */
		D54B03392D56CB55000609B0 /* AppConvertidorGrados.app */ = {isa = PBXFileReference; explicitFileType = wrapper.application; includeInIndex = 0; path = AppConvertidorGrados.app; sourceTree = BUILT_PRODUCTS_DIR; };
		D54B034E2D56CB56000609B0 /* AppConvertidorGradosTests.xctest */ = {isa = PBXFileReference; explicitFileType = wrapper.cfbundle; includeInIndex = 0; path = AppConvertidorGradosTests.xctest; sourceTree = BUILT_PRODUCTS_DIR; };
		D54B03582D56CB56000609B0 /* AppConvertidorGradosUITests.xctest */ = {isa = PBXFileReference; explicitFileType = wrapper.cfbundle; includeInIndex = 0; path = AppConvertidorGradosUITests.xctest; sourceTree = BUILT_PRODUCTS_DIR; };
/* End PBXFileReference section */

/* Begin PBXFileSystemSynchronizedRootGroup section */
		D54B033B2D56CB55000609B0 /* AppConvertidorGrados */ = {
			isa = PBXFileSystemSynchronizedRootGroup;
			path = AppConvertidorGrados;
			sourceTree = "<group>";
		};
		D54B03512D56CB56000609B0 /* AppConvertidorGradosTests */ = {
			isa = PBXFileSystemSynchronizedRootGroup;
			path = AppConvertidorGradosTests;
			sourceTree = "<group>";
		};
		D54B035B2D56CB56000609B0 /* AppConvertidorGradosUITests */ = {
			isa = PBXFileSystemSynchronizedRootGroup;
			path = AppConvertidorGradosUITests;
			sourceTree = "<group>";
		};
/* End PBXFileSystemSynchronizedRootGroup section */

/* Begin PBXFrameworksBuildPhase section */
		D54B03362D56CB55000609B0 /* Frameworks */ = {
			isa = PBXFrameworksBuildPhase;
			buildActionMask = 2147483647;
			files = (
			);
			runOnlyForDeploymentPostprocessing = 0;
		};
		D54B034B2D56CB56000609B0 /* Frameworks */ = {
			isa = PBXFrameworksBuildPhase;
			buildActionMask = 2147483647;
			files = (
			);
			runOnlyForDeploymentPostprocessing = 0;
		};
		D54B03552D56CB56000609B0 /* Frameworks */ = {
			isa = PBXFrameworksBuildPhase;
			buildActionMask = 2147483647;
			files = (
			);
			runOnlyForDeploymentPostprocessing = 0;
		};
/* End PBXFrameworksBuildPhase section */

/* Begin PBXGroup section */
		D54B03302D56CB55000609B0 = {
			isa = PBXGroup;
			children = (
				D54B033B2D56CB55000609B0 /* AppConvertidorGrados */,
				D54B03512D56CB56000609B0 /* AppConvertidorGradosTests */,
				D54B035B2D56CB56000609B0 /* AppConvertidorGradosUITests */,
				D54B033A2D56CB55000609B0 /* Products */,
			);
			sourceTree = "<group>";
		};
		D54B033A2D56CB55000609B0 /* Products */ = {
			isa = PBXGroup;
			children = (
				D54B03392D56CB55000609B0 /* AppConvertidorGrados.app */,
				D54B034E2D56CB56000609B0 /* AppConvertidorGradosTests.xctest */,
				D54B03582D56CB56000609B0 /* AppConvertidorGradosUITests.xctest */,
			);
			name = Products;
			sourceTree = "<group>";
		};
/* End PBXGroup section */

/* Begin PBXNativeTarget section */
		D54B03382D56CB55000609B0 /* AppConvertidorGrados */ = {
			isa = PBXNativeTarget;
			buildConfigurationList = D54B03622D56CB56000609B0 /* Build configuration list for PBXNativeTarget "AppConvertidorGrados" */;
			buildPhases = (
				D54B03352D56CB55000609B0 /* Sources */,
				D54B03362D56CB55000609B0 /* Frameworks */,
				D54B03372D56CB55000609B0 /* Resources */,
			);
			buildRules = (
			);
			dependencies = (
			);
			fileSystemSynchronizedGroups = (
				D54B033B2D56CB55000609B0 /* AppConvertidorGrados */,
			);
			name = AppConvertidorGrados;
			packageProductDependencies = (
			);
			productName = AppConvertidorGrados;
			productReference = D54B03392D56CB55000609B0 /* AppConvertidorGrados.app */;
			productType = "com.apple.product-type.application";
		};
		D54B034D2D56CB56000609B0 /* AppConvertidorGradosTests */ = {
			isa = PBXNativeTarget;
			buildConfigurationList = D54B03652D56CB56000609B0 /* Build configuration list for PBXNativeTarget "AppConvertidorGradosTests" */;
			buildPhases = (
				D54B034A2D56CB56000609B0 /* Sources */,
				D54B034B2D56CB56000609B0 /* Frameworks */,
				D54B034C2D56CB56000609B0 /* Resources */,
			);
			buildRules = (
			);
			dependencies = (
				D54B03502D56CB56000609B0 /* PBXTargetDependency */,
			);
			fileSystemSynchronizedGroups = (
				D54B03512D56CB56000609B0 /* AppConvertidorGradosTests */,
			);
			name = AppConvertidorGradosTests;
			packageProductDependencies = (
			);
			productName = AppConvertidorGradosTests;
			productReference = D54B034E2D56CB56000609B0 /* AppConvertidorGradosTests.xctest */;
			productType = "com.apple.product-type.bundle.unit-test";
		};
		D54B03572D56CB56000609B0 /* AppConvertidorGradosUITests */ = {
			isa = PBXNativeTarget;
			buildConfigurationList = D54B03682D56CB56000609B0 /* Build configuration list for PBXNativeTarget "AppConvertidorGradosUITests" */;
			buildPhases = (
				D54B03542D56CB56000609B0 /* Sources */,
				D54B03552D56CB56000609B0 /* Frameworks */,
				D54B03562D56CB56000609B0 /* Resources */,
			);
			buildRules = (
			);
			dependencies = (
				D54B035A2D56CB56000609B0 /* PBXTargetDependency */,
			);
			fileSystemSynchronizedGroups = (
				D54B035B2D56CB56000609B0 /* AppConvertidorGradosUITests */,
			);
			name = AppConvertidorGradosUITests;
			packageProductDependencies = (
			);
			productName = AppConvertidorGradosUITests;
			productReference = D54B03582D56CB56000609B0 /* AppConvertidorGradosUITests.xctest */;
			productType = "com.apple.product-type.bundle.ui-testing";
		};
/* End PBXNativeTarget section */

/* Begin PBXProject section */
		D54B03312D56CB55000609B0 /* Project object */ = {
			isa = PBXProject;
			attributes = {
				BuildIndependentTargetsInParallel = 1;
				LastUpgradeCheck = 1600;
				TargetAttributes = {
					D54B03382D56CB55000609B0 = {
						CreatedOnToolsVersion = 16.0;
					};
					D54B034D2D56CB56000609B0 = {
						CreatedOnToolsVersion = 16.0;
						TestTargetID = D54B03382D56CB55000609B0;
					};
					D54B03572D56CB56000609B0 = {
						CreatedOnToolsVersion = 16.0;
						TestTargetID = D54B03382D56CB55000609B0;
					};
				};
			};
			buildConfigurationList = D54B03342D56CB55000609B0 /* Build configuration list for PBXProject "AppConvertidorGrados" */;
			developmentRegion = en;
			hasScannedForEncodings = 0;
			knownRegions = (
				en,
				Base,
			);
			mainGroup = D54B03302D56CB55000609B0;
			minimizedProjectReferenceProxies = 1;
			preferredProjectObjectVersion = 77;
			productRefGroup = D54B033A2D56CB55000609B0 /* Products */;
			projectDirPath = "";
			projectRoot = "";
			targets = (
				D54B03382D56CB55000609B0 /* AppConvertidorGrados */,
				D54B034D2D56CB56000609B0 /* AppConvertidorGradosTests */,
				D54B03572D56CB56000609B0 /* AppConvertidorGradosUITests */,
			);
		};
/* End PBXProject section */

/* Begin PBXResourcesBuildPhase section */
		D54B03372D56CB55000609B0 /* Resources */ = {
			isa = PBXResourcesBuildPhase;
			buildActionMask = 2147483647;
			files = (
			);
			runOnlyForDeploymentPostprocessing = 0;
		};
		D54B034C2D56CB56000609B0 /* Resources */ = {
			isa = PBXResourcesBuildPhase;
			buildActionMask = 2147483647;
			files = (
			);
			runOnlyForDeploymentPostprocessing = 0;
		};
		D54B03562D56CB56000609B0 /* Resources */ = {
			isa = PBXResourcesBuildPhase;
			buildActionMask = 2147483647;
			files = (
			);
			runOnlyForDeploymentPostprocessing = 0;
		};
/* End PBXResourcesBuildPhase section */

/* Begin PBXSourcesBuildPhase section */
		D54B03352D56CB55000609B0 /* Sources */ = {
			isa = PBXSourcesBuildPhase;
			buildActionMask = 2147483647;
			files = (
			);
			runOnlyForDeploymentPostprocessing = 0;
		};
		D54B034A2D56CB56000609B0 /* Sources */ = {
			isa = PBXSourcesBuildPhase;
			buildActionMask = 2147483647;
			files = (
			);
			runOnlyForDeploymentPostprocessing = 0;
		};
		D54B03542D56CB56000609B0 /* Sources */ = {
			isa = PBXSourcesBuildPhase;
			buildActionMask = 2147483647;
			files = (
			);
			runOnlyForDeploymentPostprocessing = 0;
		};
/* End PBXSourcesBuildPhase section */

/* Begin PBXTargetDependency section */
		D54B03502D56CB56000609B0 /* PBXTargetDependency */ = {
			isa = PBXTargetDependency;
			target = D54B03382D56CB55000609B0 /* AppConvertidorGrados */;
			targetProxy = D54B034F2D56CB56000609B0 /* PBXContainerItemProxy */;
		};
		D54B035A2D56CB56000609B0 /* PBXTargetDependency */ = {
			isa = PBXTargetDependency;
			target = D54B03382D56CB55000609B0 /* AppConvertidorGrados */;
			targetProxy = D54B03592D56CB56000609B0 /* PBXContainerItemProxy */;
		};
/* End PBXTargetDependency section */

/* Begin XCBuildConfiguration section */
		D54B03602D56CB56000609B0 /* Debug */ = {
			isa = XCBuildConfiguration;
			buildSettings = {
				ALWAYS_SEARCH_USER_PATHS = NO;
				ASSETCATALOG_COMPILER_GENERATE_SWIFT_ASSET_SYMBOL_EXTENSIONS = YES;
				CLANG_ANALYZER_NONNULL = YES;
				CLANG_ANALYZER_NUMBER_OBJECT_CONVERSION = YES_AGGRESSIVE;
				CLANG_CXX_LANGUAGE_STANDARD = "gnu++20";
				CLANG_ENABLE_MODULES = YES;
				CLANG_ENABLE_OBJC_ARC = YES;
				CLANG_ENABLE_OBJC_WEAK = YES;
				CLANG_WARN_BLOCK_CAPTURE_AUTORELEASING = YES;
				CLANG_WARN_BOOL_CONVERSION = YES;
				CLANG_WARN_COMMA = YES;
				CLANG_WARN_CONSTANT_CONVERSION = YES;
				CLANG_WARN_DEPRECATED_OBJC_IMPLEMENTATIONS = YES;
				CLANG_WARN_DIRECT_OBJC_ISA_USAGE = YES_ERROR;
				CLANG_WARN_DOCUMENTATION_COMMENTS = YES;
				CLANG_WARN_EMPTY_BODY = YES;
				CLANG_WARN_ENUM_CONVERSION = YES;
				CLANG_WARN_INFINITE_RECURSION = YES;
				CLANG_WARN_INT_CONVERSION = YES;
				CLANG_WARN_NON_LITERAL_NULL_CONVERSION = YES;
				CLANG_WARN_OBJC_IMPLICIT_RETAIN_SELF = YES;
				CLANG_WARN_OBJC_LITERAL_CONVERSION = YES;
				CLANG_WARN_OBJC_ROOT_CLASS = YES_ERROR;
				CLANG_WARN_QUOTED_INCLUDE_IN_FRAMEWORK_HEADER = YES;
				CLANG_WARN_RANGE_LOOP_ANALYSIS = YES;
				CLANG_WARN_STRICT_PROTOTYPES = YES;
				CLANG_WARN_SUSPICIOUS_MOVE = YES;
				CLANG_WARN_UNGUARDED_AVAILABILITY = YES_AGGRESSIVE;
				CLANG_WARN_UNREACHABLE_CODE = YES;
				CLANG_WARN__DUPLICATE_METHOD_MATCH = YES;
				COPY_PHASE_STRIP = NO;
				DEBUG_INFORMATION_FORMAT = dwarf;
				ENABLE_STRICT_OBJC_MSGSEND = YES;
				ENABLE_TESTABILITY = YES;
				ENABLE_USER_SCRIPT_SANDBOXING = YES;
				GCC_C_LANGUAGE_STANDARD = gnu17;
				GCC_DYNAMIC_NO_PIC = NO;
				GCC_NO_COMMON_BLOCKS = YES;
				GCC_OPTIMIZATION_LEVEL = 0;
				GCC_PREPROCESSOR_DEFINITIONS = (
					"DEBUG=1",
					"$(inherited)",
				);
				GCC_WARN_64_TO_32_BIT_CONVERSION = YES;
				GCC_WARN_ABOUT_RETURN_TYPE = YES_ERROR;
				GCC_WARN_UNDECLARED_SELECTOR = YES;
				GCC_WARN_UNINITIALIZED_AUTOS = YES_AGGRESSIVE;
				GCC_WARN_UNUSED_FUNCTION = YES;
				GCC_WARN_UNUSED_VARIABLE = YES;
				LOCALIZATION_PREFERS_STRING_CATALOGS = YES;
				MACOSX_DEPLOYMENT_TARGET = 14.6;
				MTL_ENABLE_DEBUG_INFO = INCLUDE_SOURCE;
				MTL_FAST_MATH = YES;
				ONLY_ACTIVE_ARCH = YES;
				SDKROOT = macosx;
			};
			name = Debug;
		};
		D54B03612D56CB56000609B0 /* Release */ = {
			isa = XCBuildConfiguration;
			buildSettings = {
				ALWAYS_SEARCH_USER_PATHS = NO;
				ASSETCATALOG_COMPILER_GENERATE_SWIFT_ASSET_SYMBOL_EXTENSIONS = YES;
				CLANG_ANALYZER_NONNULL = YES;
				CLANG_ANALYZER_NUMBER_OBJECT_CONVERSION = YES_AGGRESSIVE;
				CLANG_CXX_LANGUAGE_STANDARD = "gnu++20";
				CLANG_ENABLE_MODULES = YES;
				CLANG_ENABLE_OBJC_ARC = YES;
				CLANG_ENABLE_OBJC_WEAK = YES;
				CLANG_WARN_BLOCK_CAPTURE_AUTORELEASING = YES;
				CLANG_WARN_BOOL_CONVERSION = YES;
				CLANG_WARN_COMMA = YES;
				CLANG_WARN_CONSTANT_CONVERSION = YES;
				CLANG_WARN_DEPRECATED_OBJC_IMPLEMENTATIONS = YES;
				CLANG_WARN_DIRECT_OBJC_ISA_USAGE = YES_ERROR;
				CLANG_WARN_DOCUMENTATION_COMMENTS = YES;
				CLANG_WARN_EMPTY_BODY = YES;
				CLANG_WARN_ENUM_CONVERSION = YES;
				CLANG_WARN_INFINITE_RECURSION = YES;
				CLANG_WARN_INT_CONVERSION = YES;
				CLANG_WARN_NON_LITERAL_NULL_CONVERSION = YES;
				CLANG_WARN_OBJC_IMPLICIT_RETAIN_SELF = YES;
				CLANG_WARN_OBJC_LITERAL_CONVERSION = YES;
				CLANG_WARN_OBJC_ROOT_CLASS = YES_ERROR;
				CLANG_WARN_QUOTED_INCLUDE_IN_FRAMEWORK_HEADER = YES;
				CLANG_WARN_RANGE_LOOP_ANALYSIS = YES;
				CLANG_WARN_STRICT_PROTOTYPES = YES;
				CLANG_WARN_SUSPICIOUS_MOVE = YES;
				CLANG_WARN_UNGUARDED_AVAILABILITY = YES_AGGRESSIVE;
				CLANG_WARN_UNREACHABLE_CODE = YES;
				CLANG_WARN__DUPLICATE_METHOD_MATCH = YES;
				COPY_PHASE_STRIP = NO;
				DEBUG_INFORMATION_FORMAT = "dwarf-with-dsym";
				ENABLE_NS_ASSERTIONS = NO;
				ENABLE_STRICT_OBJC_MSGSEND = YES;
				ENABLE_USER_SCRIPT_SANDBOXING = YES;
				GCC_C_LANGUAGE_STANDARD = gnu17;
				GCC_NO_COMMON_BLOCKS = YES;
				GCC_WARN_64_TO_32_BIT_CONVERSION = YES;
				GCC_WARN_ABOUT_RETURN_TYPE = YES_ERROR;
				GCC_WARN_UNDECLARED_SELECTOR = YES;
				GCC_WARN_UNINITIALIZED_AUTOS = YES_AGGRESSIVE;
				GCC_WARN_UNUSED_FUNCTION = YES;
				GCC_WARN_UNUSED_VARIABLE = YES;
				LOCALIZATION_PREFERS_STRING_CATALOGS = YES;
				MACOSX_DEPLOYMENT_TARGET = 14.6;
				MTL_ENABLE_DEBUG_INFO = NO;
				MTL_FAST_MATH = YES;
				SDKROOT = macosx;
			};
			name = Release;
		};
		D54B03632D56CB56000609B0 /* Debug */ = {
			isa = XCBuildConfiguration;
			buildSettings = {
				ASSETCATALOG_COMPILER_APPICON_NAME = AppIcon;
				ASSETCATALOG_COMPILER_GLOBAL_ACCENT_COLOR_NAME = AccentColor;
				CODE_SIGN_ENTITLEMENTS = AppConvertidorGrados/AppConvertidorGrados.entitlements;
				CODE_SIGN_STYLE = Automatic;
				COMBINE_HIDPI_IMAGES = YES;
				CURRENT_PROJECT_VERSION = 1;
				GENERATE_INFOPLIST_FILE = YES;
				INFOPLIST_KEY_NSHumanReadableCopyright = "";
				INFOPLIST_KEY_NSMainStoryboardFile = Main;
				INFOPLIST_KEY_NSPrincipalClass = NSApplication;
				LD_RUNPATH_SEARCH_PATHS = (
					"$(inherited)",
					"@executable_path/../Frameworks",
				);
				MARKETING_VERSION = 1.0;
				PRODUCT_BUNDLE_IDENTIFIER = geralduwu.AppConvertidorGrados;
				PRODUCT_NAME = "$(TARGET_NAME)";
				SWIFT_EMIT_LOC_STRINGS = YES;
			};
			name = Debug;
		};
		D54B03642D56CB56000609B0 /* Release */ = {
			isa = XCBuildConfiguration;
			buildSettings = {
				ASSETCATALOG_COMPILER_APPICON_NAME = AppIcon;
				ASSETCATALOG_COMPILER_GLOBAL_ACCENT_COLOR_NAME = AccentColor;
				CODE_SIGN_ENTITLEMENTS = AppConvertidorGrados/AppConvertidorGrados.entitlements;
				CODE_SIGN_STYLE = Automatic;
				COMBINE_HIDPI_IMAGES = YES;
				CURRENT_PROJECT_VERSION = 1;
				GENERATE_INFOPLIST_FILE = YES;
				INFOPLIST_KEY_NSHumanReadableCopyright = "";
				INFOPLIST_KEY_NSMainStoryboardFile = Main;
				INFOPLIST_KEY_NSPrincipalClass = NSApplication;
				LD_RUNPATH_SEARCH_PATHS = (
					"$(inherited)",
					"@executable_path/../Frameworks",
				);
				MARKETING_VERSION = 1.0;
				PRODUCT_BUNDLE_IDENTIFIER = geralduwu.AppConvertidorGrados;
				PRODUCT_NAME = "$(TARGET_NAME)";
				SWIFT_EMIT_LOC_STRINGS = YES;
			};
			name = Release;
		};
		D54B03662D56CB56000609B0 /* Debug */ = {
			isa = XCBuildConfiguration;
			buildSettings = {
				BUNDLE_LOADER = "$(TEST_HOST)";
				CODE_SIGN_STYLE = Automatic;
				CURRENT_PROJECT_VERSION = 1;
				GENERATE_INFOPLIST_FILE = YES;
				MACOSX_DEPLOYMENT_TARGET = 14.6;
				MARKETING_VERSION = 1.0;
				PRODUCT_BUNDLE_IDENTIFIER = geralduwu.AppConvertidorGradosTests;
				PRODUCT_NAME = "$(TARGET_NAME)";
				SWIFT_EMIT_LOC_STRINGS = NO;
				TEST_HOST = "$(BUILT_PRODUCTS_DIR)/AppConvertidorGrados.app/$(BUNDLE_EXECUTABLE_FOLDER_PATH)/AppConvertidorGrados";
			};
			name = Debug;
		};
		D54B03672D56CB56000609B0 /* Release */ = {
			isa = XCBuildConfiguration;
			buildSettings = {
				BUNDLE_LOADER = "$(TEST_HOST)";
				CODE_SIGN_STYLE = Automatic;
				CURRENT_PROJECT_VERSION = 1;
				GENERATE_INFOPLIST_FILE = YES;
				MACOSX_DEPLOYMENT_TARGET = 14.6;
				MARKETING_VERSION = 1.0;
				PRODUCT_BUNDLE_IDENTIFIER = geralduwu.AppConvertidorGradosTests;
				PRODUCT_NAME = "$(TARGET_NAME)";
				SWIFT_EMIT_LOC_STRINGS = NO;
				TEST_HOST = "$(BUILT_PRODUCTS_DIR)/AppConvertidorGrados.app/$(BUNDLE_EXECUTABLE_FOLDER_PATH)/AppConvertidorGrados";
			};
			name = Release;
		};
		D54B03692D56CB56000609B0 /* Debug */ = {
			isa = XCBuildConfiguration;
			buildSettings = {
				CODE_SIGN_STYLE = Automatic;
				CURRENT_PROJECT_VERSION = 1;
				GENERATE_INFOPLIST_FILE = YES;
				MARKETING_VERSION = 1.0;
				PRODUCT_BUNDLE_IDENTIFIER = geralduwu.AppConvertidorGradosUITests;
				PRODUCT_NAME = "$(TARGET_NAME)";
				SWIFT_EMIT_LOC_STRINGS = NO;
				TEST_TARGET_NAME = AppConvertidorGrados;
			};
			name = Debug;
		};
		D54B036A2D56CB56000609B0 /* Release */ = {
			isa = XCBuildConfiguration;
			buildSettings = {
				CODE_SIGN_STYLE = Automatic;
				CURRENT_PROJECT_VERSION = 1;
				GENERATE_INFOPLIST_FILE = YES;
				MARKETING_VERSION = 1.0;
				PRODUCT_BUNDLE_IDENTIFIER = geralduwu.AppConvertidorGradosUITests;
				PRODUCT_NAME = "$(TARGET_NAME)";
				SWIFT_EMIT_LOC_STRINGS = NO;
				TEST_TARGET_NAME = AppConvertidorGrados;
			};
			name = Release;
		};
/* End XCBuildConfiguration section */

/* Begin XCConfigurationList section */
		D54B03342D56CB55000609B0 /* Build configuration list for PBXProject "AppConvertidorGrados" */ = {
			isa = XCConfigurationList;
			buildConfigurations = (
				D54B03602D56CB56000609B0 /* Debug */,
				D54B03612D56CB56000609B0 /* Release */,
			);
			defaultConfigurationIsVisible = 0;
			defaultConfigurationName = Release;
		};
		D54B03622D56CB56000609B0 /* Build configuration list for PBXNativeTarget "AppConvertidorGrados" */ = {
			isa = XCConfigurationList;
			buildConfigurations = (
				D54B03632D56CB56000609B0 /* Debug */,
				D54B03642D56CB56000609B0 /* Release */,
			);
			defaultConfigurationIsVisible = 0;
			defaultConfigurationName = Release;
		};
		D54B03652D56CB56000609B0 /* Build configuration list for PBXNativeTarget "AppConvertidorGradosTests" */ = {
			isa = XCConfigurationList;
			buildConfigurations = (
				D54B03662D56CB56000609B0 /* Debug */,
				D54B03672D56CB56000609B0 /* Release */,
			);
			defaultConfigurationIsVisible = 0;
			defaultConfigurationName = Release;
		};
		D54B03682D56CB56000609B0 /* Build configuration list for PBXNativeTarget "AppConvertidorGradosUITests" */ = {
			isa = XCConfigurationList;
			buildConfigurations = (
				D54B03692D56CB56000609B0 /* Debug */,
				D54B036A2D56CB56000609B0 /* Release */,
			);
			defaultConfigurationIsVisible = 0;
			defaultConfigurationName = Release;
		};
/* End XCConfigurationList section */
	};
	rootObject = D54B03312D56CB55000609B0 /* Project object */;
}
